// !$*UTF8*$!
{
	archiveVersion = 1;
	classes = {
	};
	objectVersion = 46;
	objects = {

/* Begin PBXBuildFile section */
		D67635A01CADBEA800B4DDA8 /* AppDelegate.swift in Sources */ = {isa = PBXBuildFile; fileRef = D676359F1CADBEA800B4DDA8 /* AppDelegate.swift */; };
		D67635A21CADBEA800B4DDA8 /* ViewController.swift in Sources */ = {isa = PBXBuildFile; fileRef = D67635A11CADBEA800B4DDA8 /* ViewController.swift */; };
		D67635A51CADBEA800B4DDA8 /* Main.storyboard in Resources */ = {isa = PBXBuildFile; fileRef = D67635A31CADBEA800B4DDA8 /* Main.storyboard */; };
		D67635A71CADBEA800B4DDA8 /* Assets.xcassets in Resources */ = {isa = PBXBuildFile; fileRef = D67635A61CADBEA800B4DDA8 /* Assets.xcassets */; };
		D67635AA1CADBEA800B4DDA8 /* LaunchScreen.storyboard in Resources */ = {isa = PBXBuildFile; fileRef = D67635A81CADBEA800B4DDA8 /* LaunchScreen.storyboard */; };
/* End PBXBuildFile section */

/* Begin PBXFileReference section */
		D676359C1CADBEA800B4DDA8 /* ProgressView.app */ = {isa = PBXFileReference; explicitFileType = wrapper.application; includeInIndex = 0; path = ProgressView.app; sourceTree = BUILT_PRODUCTS_DIR; };
		D676359F1CADBEA800B4DDA8 /* AppDelegate.swift */ = {isa = PBXFileReference; lastKnownFileType = sourcecode.swift; path = AppDelegate.swift; sourceTree = "<group>"; };
		D67635A11CADBEA800B4DDA8 /* ViewController.swift */ = {isa = PBXFileReference; lastKnownFileType = sourcecode.swift; path = ViewController.swift; sourceTree = "<group>"; };
		D67635A41CADBEA800B4DDA8 /* Base */ = {isa = PBXFileReference; lastKnownFileType = file.storyboard; name = Base; path = Base.lproj/Main.storyboard; sourceTree = "<group>"; };
		D67635A61CADBEA800B4DDA8 /* Assets.xcassets */ = {isa = PBXFileReference; lastKnownFileType = folder.assetcatalog; path = Assets.xcassets; sourceTree = "<group>"; };
		D67635A91CADBEA800B4DDA8 /* Base */ = {isa = PBXFileReference; lastKnownFileType = file.storyboard; name = Base; path = Base.lproj/LaunchScreen.storyboard; sourceTree = "<group>"; };
		D67635AB1CADBEA800B4DDA8 /* Info.plist */ = {isa = PBXFileReference; lastKnownFileType = text.plist.xml; path = Info.plist; sourceTree = "<group>"; };
/* End PBXFileReference section */

/* Begin PBXFrameworksBuildPhase section */
		D67635991CADBEA800B4DDA8 /* Frameworks */ = {
			isa = PBXFrameworksBuildPhase;
			buildActionMask = 2147483647;
			files = (
			);
			runOnlyForDeploymentPostprocessing = 0;
		};
/* End PBXFrameworksBuildPhase section */

/* Begin PBXGroup section */
		D67635931CADBEA800B4DDA8 = {
			isa = PBXGroup;
			children = (
				D676359E1CADBEA800B4DDA8 /* ProgressView */,
				D676359D1CADBEA800B4DDA8 /* Products */,
			);
			sourceTree = "<group>";
		};
		D676359D1CADBEA800B4DDA8 /* Products */ = {
			isa = PBXGroup;
			children = (
				D676359C1CADBEA800B4DDA8 /* ProgressView.app */,
			);
			name = Products;
			sourceTree = "<group>";
		};
		D676359E1CADBEA800B4DDA8 /* ProgressView */ = {
			isa = PBXGroup;
			children = (
				D676359F1CADBEA800B4DDA8 /* AppDelegate.swift */,
				D67635A11CADBEA800B4DDA8 /* ViewController.swift */,
				D67635A31CADBEA800B4DDA8 /* Main.storyboard */,
				D67635A61CADBEA800B4DDA8 /* Assets.xcassets */,
				D67635A81CADBEA800B4DDA8 /* LaunchScreen.storyboard */,
				D67635AB1CADBEA800B4DDA8 /* Info.plist */,
			);
			path = ProgressView;
			sourceTree = "<group>";
		};
/* End PBXGroup section */

/* Begin PBXNativeTarget section */
		D676359B1CADBEA800B4DDA8 /* ProgressView */ = {
			isa = PBXNativeTarget;
			buildConfigurationList = D67635AE1CADBEA800B4DDA8 /* Build configuration list for PBXNativeTarget "ProgressView" */;
			buildPhases = (
				D67635981CADBEA800B4DDA8 /* Sources */,
				D67635991CADBEA800B4DDA8 /* Frameworks */,
				D676359A1CADBEA800B4DDA8 /* Resources */,
			);
			buildRules = (
			);
			dependencies = (
			);
			name = ProgressView;
			productName = ProgressView;
			productReference = D676359C1CADBEA800B4DDA8 /* ProgressView.app */;
			productType = "com.apple.product-type.application";
		};
/* End PBXNativeTarget section */

/* Begin PBXProject section */
		D67635941CADBEA800B4DDA8 /* Project object */ = {
			isa = PBXProject;
			attributes = {
				LastSwiftUpdateCheck = 0730;
				LastUpgradeCheck = 0730;
				ORGANIZATIONNAME = "Thomas Kioko";
				TargetAttributes = {
					D676359B1CADBEA800B4DDA8 = {
						CreatedOnToolsVersion = 7.3;
					};
				};
			};
			buildConfigurationList = D67635971CADBEA800B4DDA8 /* Build configuration list for PBXProject "ProgressView" */;
			compatibilityVersion = "Xcode 3.2";
			developmentRegion = English;
			hasScannedForEncodings = 0;
			knownRegions = (
				en,
				Base,
			);
			mainGroup = D67635931CADBEA800B4DDA8;
			productRefGroup = D676359D1CADBEA800B4DDA8 /* Products */;
			projectDirPath = "";
			projectRoot = "";
			targets = (
				D676359B1CADBEA800B4DDA8 /* ProgressView */,
			);
		};
/* End PBXProject section */

/* Begin PBXResourcesBuildPhase section */
		D676359A1CADBEA800B4DDA8 /* Resources */ = {
			isa = PBXResourcesBuildPhase;
			buildActionMask = 2147483647;
			files = (
				D67635AA1CADBEA800B4DDA8 /* LaunchScreen.storyboard in Resources */,
				D67635A71CADBEA800B4DDA8 /* Assets.xcassets in Resources */,
				D67635A51CADBEA800B4DDA8 /* Main.storyboard in Resources */,
			);
			runOnlyForDeploymentPostprocessing = 0;
		};
/* End PBXResourcesBuildPhase section */

/* Begin PBXSourcesBuildPhase section */
		D67635981CADBEA800B4DDA8 /* Sources */ = {
			isa = PBXSourcesBuildPhase;
			buildActionMask = 2147483647;
			files = (
				D67635A21CADBEA800B4DDA8 /* ViewController.swift in Sources */,
				D67635A01CADBEA800B4DDA8 /* AppDelegate.swift in Sources */,
			);
			runOnlyForDeploymentPostprocessing = 0;
		};
/* End PBXSourcesBuildPhase section */

/* Begin PBXVariantGroup section */
		D67635A31CADBEA800B4DDA8 /* Main.storyboard */ = {
			isa = PBXVariantGroup;
			children = (
				D67635A41CADBEA800B4DDA8 /* Base */,
			);
			name = Main.storyboard;
			sourceTree = "<group>";
		};
		D67635A81CADBEA800B4DDA8 /* LaunchScreen.storyboard */ = {
			isa = PBXVariantGroup;
			children = (
				D67635A91CADBEA800B4DDA8 /* Base */,
			);
			name = LaunchScreen.storyboard;
			sourceTree = "<group>";
		};
/* End PBXVariantGroup section */

/* Begin XCBuildConfiguration section */
		D67635AC1CADBEA800B4DDA8 /* Debug */ = {
			isa = XCBuildConfiguration;
			buildSettings = {
				ALWAYS_SEARCH_USER_PATHS = NO;
				CLANG_ANALYZER_NONNULL = YES;
				CLANG_CXX_LANGUAGE_STANDARD = "gnu++0x";
				CLANG_CXX_LIBRARY = "libc++";
				CLANG_ENABLE_MODULES = YES;
				CLANG_ENABLE_OBJC_ARC = YES;
				CLANG_WARN_BOOL_CONVERSION = YES;
				CLANG_WARN_CONSTANT_CONVERSION = YES;
				CLANG_WARN_DIRECT_OBJC_ISA_USAGE = YES_ERROR;
				CLANG_WARN_EMPTY_BODY = YES;
				CLANG_WARN_ENUM_CONVERSION = YES;
				CLANG_WARN_INT_CONVERSION = YES;
				CLANG_WARN_OBJC_ROOT_CLASS = YES_ERROR;
				CLANG_WARN_UNREACHABLE_CODE = YES;
				CLANG_WARN__DUPLICATE_METHOD_MATCH = YES;
				"CODE_SIGN_IDENTITY[sdk=iphoneos*]" = "iPhone Developer";
				COPY_PHASE_STRIP = NO;
				DEBUG_INFORMATION_FORMAT = dwarf;
				ENABLE_STRICT_OBJC_MSGSEND = YES;
				ENABLE_TESTABILITY = YES;
				GCC_C_LANGUAGE_STANDARD = gnu99;
				GCC_DYNAMIC_NO_PIC = NO;
				GCC_NO_COMMON_BLOCKS = YES;
				GCC_OPTIMIZATION_LEVEL = 0;
				GCC_PREPROCESSOR_DEFINITIONS = (
					"DEBUG=1",
					"$(inherited)",
				);
				GCC_WARN_64_TO_32_BIT_CONVERSION = YES;
				GCC_WARN_ABOUT_RETURN_TYPE = YES_ERROR;
				GCC_WARN_UNDECLARED_SELECTOR = YES;
				GCC_WARN_UNINITIALIZED_AUTOS = YES_AGGRESSIVE;
				GCC_WARN_UNUSED_FUNCTION = YES;
				GCC_WARN_UNUSED_VARIABLE = YES;
				IPHONEOS_DEPLOYMENT_TARGET = 9.3;
				MTL_ENABLE_DEBUG_INFO = YES;
				ONLY_ACTIVE_ARCH = YES;
				SDKROOT = iphoneos;
				SWIFT_OPTIMIZATION_LEVEL = "-Onone";
			};
			name = Debug;
		};
		D67635AD1CADBEA800B4DDA8 /* Release */ = {
			isa = XCBuildConfiguration;
			buildSettings = {
				ALWAYS_SEARCH_USER_PATHS = NO;
				CLANG_ANALYZER_NONNULL = YES;
				CLANG_CXX_LANGUAGE_STANDARD = "gnu++0x";
				CLANG_CXX_LIBRARY = "libc++";
				CLANG_ENABLE_MODULES = YES;
				CLANG_ENABLE_OBJC_ARC = YES;
				CLANG_WARN_BOOL_CONVERSION = YES;
				CLANG_WARN_CONSTANT_CONVERSION = YES;
				CLANG_WARN_DIRECT_OBJC_ISA_USAGE = YES_ERROR;
				CLANG_WARN_EMPTY_BODY = YES;
				CLANG_WARN_ENUM_CONVERSION = YES;
				CLANG_WARN_INT_CONVERSION = YES;
				CLANG_WARN_OBJC_ROOT_CLASS = YES_ERROR;
				CLANG_WARN_UNREACHABLE_CODE = YES;
				CLANG_WARN__DUPLICATE_METHOD_MATCH = YES;
				"CODE_SIGN_IDENTITY[sdk=iphoneos*]" = "iPhone Developer";
				COPY_PHASE_STRIP = NO;
				DEBUG_INFORMATION_FORMAT = "dwarf-with-dsym";
				ENABLE_NS_ASSERTIONS = NO;
				ENABLE_STRICT_OBJC_MSGSEND = YES;
				GCC_C_LANGUAGE_STANDARD = gnu99;
				GCC_NO_COMMON_BLOCKS = YES;
				GCC_WARN_64_TO_32_BIT_CONVERSION = YES;
				GCC_WARN_ABOUT_RETURN_TYPE = YES_ERROR;
				GCC_WARN_UNDECLARED_SELECTOR = YES;
				GCC_WARN_UNINITIALIZED_AUTOS = YES_AGGRESSIVE;
				GCC_WARN_UNUSED_FUNCTION = YES;
				GCC_WARN_UNUSED_VARIABLE = YES;
				IPHONEOS_DEPLOYMENT_TARGET = 9.3;
				MTL_ENABLE_DEBUG_INFO = NO;
				SDKROOT = iphoneos;
				VALIDATE_PRODUCT = YES;
			};
			name = Release;
		};
		D67635AF1CADBEA800B4DDA8 /* Debug */ = {
			isa = XCBuildConfiguration;
			buildSettings = {
				ASSETCATALOG_COMPILER_APPICON_NAME = AppIcon;
				INFOPLIST_FILE = ProgressView/Info.plist;
				LD_RUNPATH_SEARCH_PATHS = "$(inherited) @executable_path/Frameworks";
				PRODUCT_BUNDLE_IDENTIFIER = com.thomaskioko.kioko.ProgressView;
				PRODUCT_NAME = "$(TARGET_NAME)";
			};
			name = Debug;
		};
		D67635B01CADBEA800B4DDA8 /* Release */ = {
			isa = XCBuildConfiguration;
			buildSettings = {
				ASSETCATALOG_COMPILER_APPICON_NAME = AppIcon;
				INFOPLIST_FILE = ProgressView/Info.plist;
				LD_RUNPATH_SEARCH_PATHS = "$(inherited) @executable_path/Frameworks";
				PRODUCT_BUNDLE_IDENTIFIER = com.thomaskioko.kioko.ProgressView;
				PRODUCT_NAME = "$(TARGET_NAME)";
			};
			name = Release;
		};
/* End XCBuildConfiguration section */

/* Begin XCConfigurationList section */
		D67635971CADBEA800B4DDA8 /* Build configuration list for PBXProject "ProgressView" */ = {
			isa = XCConfigurationList;
			buildConfigurations = (
				D67635AC1CADBEA800B4DDA8 /* Debug */,
				D67635AD1CADBEA800B4DDA8 /* Release */,
			);
			defaultConfigurationIsVisible = 0;
			defaultConfigurationName = Release;
		};
		D67635AE1CADBEA800B4DDA8 /* Build configuration list for PBXNativeTarget "ProgressView" */ = {
			isa = XCConfigurationList;
			buildConfigurations = (
				D67635AF1CADBEA800B4DDA8 /* Debug */,
				D67635B01CADBEA800B4DDA8 /* Release */,
			);
			defaultConfigurationIsVisible = 0;
		};
/* End XCConfigurationList section */
	};
	rootObject = D67635941CADBEA800B4DDA8 /* Project object */;
}
