// !$*UTF8*$!
{
	archiveVersion = 1;
	classes = {
	};
	objectVersion = 46;
	objects = {

/* Begin PBXBuildFile section */
		D6CAA0FC1CB1962C00F80E37 /* AppDelegate.swift in Sources */ = {isa = PBXBuildFile; fileRef = D6CAA0FB1CB1962C00F80E37 /* AppDelegate.swift */; };
		D6CAA0FE1CB1962C00F80E37 /* ViewController.swift in Sources */ = {isa = PBXBuildFile; fileRef = D6CAA0FD1CB1962C00F80E37 /* ViewController.swift */; };
		D6CAA1011CB1962C00F80E37 /* Main.storyboard in Resources */ = {isa = PBXBuildFile; fileRef = D6CAA0FF1CB1962C00F80E37 /* Main.storyboard */; };
		D6CAA1031CB1962C00F80E37 /* Assets.xcassets in Resources */ = {isa = PBXBuildFile; fileRef = D6CAA1021CB1962C00F80E37 /* Assets.xcassets */; };
		D6CAA1061CB1962C00F80E37 /* LaunchScreen.storyboard in Resources */ = {isa = PBXBuildFile; fileRef = D6CAA1041CB1962C00F80E37 /* LaunchScreen.storyboard */; };
/* End PBXBuildFile section */

/* Begin PBXFileReference section */
		D6CAA0F81CB1962C00F80E37 /* TableViewSearch.app */ = {isa = PBXFileReference; explicitFileType = wrapper.application; includeInIndex = 0; path = TableViewSearch.app; sourceTree = BUILT_PRODUCTS_DIR; };
		D6CAA0FB1CB1962C00F80E37 /* AppDelegate.swift */ = {isa = PBXFileReference; lastKnownFileType = sourcecode.swift; path = AppDelegate.swift; sourceTree = "<group>"; };
		D6CAA0FD1CB1962C00F80E37 /* ViewController.swift */ = {isa = PBXFileReference; lastKnownFileType = sourcecode.swift; path = ViewController.swift; sourceTree = "<group>"; };
		D6CAA1001CB1962C00F80E37 /* Base */ = {isa = PBXFileReference; lastKnownFileType = file.storyboard; name = Base; path = Base.lproj/Main.storyboard; sourceTree = "<group>"; };
		D6CAA1021CB1962C00F80E37 /* Assets.xcassets */ = {isa = PBXFileReference; lastKnownFileType = folder.assetcatalog; path = Assets.xcassets; sourceTree = "<group>"; };
		D6CAA1051CB1962C00F80E37 /* Base */ = {isa = PBXFileReference; lastKnownFileType = file.storyboard; name = Base; path = Base.lproj/LaunchScreen.storyboard; sourceTree = "<group>"; };
		D6CAA1071CB1962C00F80E37 /* Info.plist */ = {isa = PBXFileReference; lastKnownFileType = text.plist.xml; path = Info.plist; sourceTree = "<group>"; };
/* End PBXFileReference section */

/* Begin PBXFrameworksBuildPhase section */
		D6CAA0F51CB1962C00F80E37 /* Frameworks */ = {
			isa = PBXFrameworksBuildPhase;
			buildActionMask = 2147483647;
			files = (
			);
			runOnlyForDeploymentPostprocessing = 0;
		};
/* End PBXFrameworksBuildPhase section */

/* Begin PBXGroup section */
		D6CAA0EF1CB1962C00F80E37 = {
			isa = PBXGroup;
			children = (
				D6CAA0FA1CB1962C00F80E37 /* TableViewSearch */,
				D6CAA0F91CB1962C00F80E37 /* Products */,
			);
			sourceTree = "<group>";
		};
		D6CAA0F91CB1962C00F80E37 /* Products */ = {
			isa = PBXGroup;
			children = (
				D6CAA0F81CB1962C00F80E37 /* TableViewSearch.app */,
			);
			name = Products;
			sourceTree = "<group>";
		};
		D6CAA0FA1CB1962C00F80E37 /* TableViewSearch */ = {
			isa = PBXGroup;
			children = (
				D6CAA0FB1CB1962C00F80E37 /* AppDelegate.swift */,
				D6CAA0FD1CB1962C00F80E37 /* ViewController.swift */,
				D6CAA0FF1CB1962C00F80E37 /* Main.storyboard */,
				D6CAA1021CB1962C00F80E37 /* Assets.xcassets */,
				D6CAA1041CB1962C00F80E37 /* LaunchScreen.storyboard */,
				D6CAA1071CB1962C00F80E37 /* Info.plist */,
			);
			path = TableViewSearch;
			sourceTree = "<group>";
		};
/* End PBXGroup section */

/* Begin PBXNativeTarget section */
		D6CAA0F71CB1962C00F80E37 /* TableViewSearch */ = {
			isa = PBXNativeTarget;
			buildConfigurationList = D6CAA10A1CB1962C00F80E37 /* Build configuration list for PBXNativeTarget "TableViewSearch" */;
			buildPhases = (
				D6CAA0F41CB1962C00F80E37 /* Sources */,
				D6CAA0F51CB1962C00F80E37 /* Frameworks */,
				D6CAA0F61CB1962C00F80E37 /* Resources */,
			);
			buildRules = (
			);
			dependencies = (
			);
			name = TableViewSearch;
			productName = TableViewSearch;
			productReference = D6CAA0F81CB1962C00F80E37 /* TableViewSearch.app */;
			productType = "com.apple.product-type.application";
		};
/* End PBXNativeTarget section */

/* Begin PBXProject section */
		D6CAA0F01CB1962C00F80E37 /* Project object */ = {
			isa = PBXProject;
			attributes = {
				LastSwiftUpdateCheck = 0730;
				LastUpgradeCheck = 0730;
				ORGANIZATIONNAME = "Thomas Kioko";
				TargetAttributes = {
					D6CAA0F71CB1962C00F80E37 = {
						CreatedOnToolsVersion = 7.3;
					};
				};
			};
			buildConfigurationList = D6CAA0F31CB1962C00F80E37 /* Build configuration list for PBXProject "TableViewSearch" */;
			compatibilityVersion = "Xcode 3.2";
			developmentRegion = English;
			hasScannedForEncodings = 0;
			knownRegions = (
				en,
				Base,
			);
			mainGroup = D6CAA0EF1CB1962C00F80E37;
			productRefGroup = D6CAA0F91CB1962C00F80E37 /* Products */;
			projectDirPath = "";
			projectRoot = "";
			targets = (
				D6CAA0F71CB1962C00F80E37 /* TableViewSearch */,
			);
		};
/* End PBXProject section */

/* Begin PBXResourcesBuildPhase section */
		D6CAA0F61CB1962C00F80E37 /* Resources */ = {
			isa = PBXResourcesBuildPhase;
			buildActionMask = 2147483647;
			files = (
				D6CAA1061CB1962C00F80E37 /* LaunchScreen.storyboard in Resources */,
				D6CAA1031CB1962C00F80E37 /* Assets.xcassets in Resources */,
				D6CAA1011CB1962C00F80E37 /* Main.storyboard in Resources */,
			);
			runOnlyForDeploymentPostprocessing = 0;
		};
/* End PBXResourcesBuildPhase section */

/* Begin PBXSourcesBuildPhase section */
		D6CAA0F41CB1962C00F80E37 /* Sources */ = {
			isa = PBXSourcesBuildPhase;
			buildActionMask = 2147483647;
			files = (
				D6CAA0FE1CB1962C00F80E37 /* ViewController.swift in Sources */,
				D6CAA0FC1CB1962C00F80E37 /* AppDelegate.swift in Sources */,
			);
			runOnlyForDeploymentPostprocessing = 0;
		};
/* End PBXSourcesBuildPhase section */

/* Begin PBXVariantGroup section */
		D6CAA0FF1CB1962C00F80E37 /* Main.storyboard */ = {
			isa = PBXVariantGroup;
			children = (
				D6CAA1001CB1962C00F80E37 /* Base */,
			);
			name = Main.storyboard;
			sourceTree = "<group>";
		};
		D6CAA1041CB1962C00F80E37 /* LaunchScreen.storyboard */ = {
			isa = PBXVariantGroup;
			children = (
				D6CAA1051CB1962C00F80E37 /* Base */,
			);
			name = LaunchScreen.storyboard;
			sourceTree = "<group>";
		};
/* End PBXVariantGroup section */

/* Begin XCBuildConfiguration section */
		D6CAA1081CB1962C00F80E37 /* Debug */ = {
			isa = XCBuildConfiguration;
			buildSettings = {
				ALWAYS_SEARCH_USER_PATHS = NO;
				CLANG_ANALYZER_NONNULL = YES;
				CLANG_CXX_LANGUAGE_STANDARD = "gnu++0x";
				CLANG_CXX_LIBRARY = "libc++";
				CLANG_ENABLE_MODULES = YES;
				CLANG_ENABLE_OBJC_ARC = YES;
				CLANG_WARN_BOOL_CONVERSION = YES;
				CLANG_WARN_CONSTANT_CONVERSION = YES;
				CLANG_WARN_DIRECT_OBJC_ISA_USAGE = YES_ERROR;
				CLANG_WARN_EMPTY_BODY = YES;
				CLANG_WARN_ENUM_CONVERSION = YES;
				CLANG_WARN_INT_CONVERSION = YES;
				CLANG_WARN_OBJC_ROOT_CLASS = YES_ERROR;
				CLANG_WARN_UNREACHABLE_CODE = YES;
				CLANG_WARN__DUPLICATE_METHOD_MATCH = YES;
				"CODE_SIGN_IDENTITY[sdk=iphoneos*]" = "iPhone Developer";
				COPY_PHASE_STRIP = NO;
				DEBUG_INFORMATION_FORMAT = dwarf;
				ENABLE_STRICT_OBJC_MSGSEND = YES;
				ENABLE_TESTABILITY = YES;
				GCC_C_LANGUAGE_STANDARD = gnu99;
				GCC_DYNAMIC_NO_PIC = NO;
				GCC_NO_COMMON_BLOCKS = YES;
				GCC_OPTIMIZATION_LEVEL = 0;
				GCC_PREPROCESSOR_DEFINITIONS = (
					"DEBUG=1",
					"$(inherited)",
				);
				GCC_WARN_64_TO_32_BIT_CONVERSION = YES;
				GCC_WARN_ABOUT_RETURN_TYPE = YES_ERROR;
				GCC_WARN_UNDECLARED_SELECTOR = YES;
				GCC_WARN_UNINITIALIZED_AUTOS = YES_AGGRESSIVE;
				GCC_WARN_UNUSED_FUNCTION = YES;
				GCC_WARN_UNUSED_VARIABLE = YES;
				IPHONEOS_DEPLOYMENT_TARGET = 9.3;
				MTL_ENABLE_DEBUG_INFO = YES;
				ONLY_ACTIVE_ARCH = YES;
				SDKROOT = iphoneos;
				SWIFT_OPTIMIZATION_LEVEL = "-Onone";
			};
			name = Debug;
		};
		D6CAA1091CB1962C00F80E37 /* Release */ = {
			isa = XCBuildConfiguration;
			buildSettings = {
				ALWAYS_SEARCH_USER_PATHS = NO;
				CLANG_ANALYZER_NONNULL = YES;
				CLANG_CXX_LANGUAGE_STANDARD = "gnu++0x";
				CLANG_CXX_LIBRARY = "libc++";
				CLANG_ENABLE_MODULES = YES;
				CLANG_ENABLE_OBJC_ARC = YES;
				CLANG_WARN_BOOL_CONVERSION = YES;
				CLANG_WARN_CONSTANT_CONVERSION = YES;
				CLANG_WARN_DIRECT_OBJC_ISA_USAGE = YES_ERROR;
				CLANG_WARN_EMPTY_BODY = YES;
				CLANG_WARN_ENUM_CONVERSION = YES;
				CLANG_WARN_INT_CONVERSION = YES;
				CLANG_WARN_OBJC_ROOT_CLASS = YES_ERROR;
				CLANG_WARN_UNREACHABLE_CODE = YES;
				CLANG_WARN__DUPLICATE_METHOD_MATCH = YES;
				"CODE_SIGN_IDENTITY[sdk=iphoneos*]" = "iPhone Developer";
				COPY_PHASE_STRIP = NO;
				DEBUG_INFORMATION_FORMAT = "dwarf-with-dsym";
				ENABLE_NS_ASSERTIONS = NO;
				ENABLE_STRICT_OBJC_MSGSEND = YES;
				GCC_C_LANGUAGE_STANDARD = gnu99;
				GCC_NO_COMMON_BLOCKS = YES;
				GCC_WARN_64_TO_32_BIT_CONVERSION = YES;
				GCC_WARN_ABOUT_RETURN_TYPE = YES_ERROR;
				GCC_WARN_UNDECLARED_SELECTOR = YES;
				GCC_WARN_UNINITIALIZED_AUTOS = YES_AGGRESSIVE;
				GCC_WARN_UNUSED_FUNCTION = YES;
				GCC_WARN_UNUSED_VARIABLE = YES;
				IPHONEOS_DEPLOYMENT_TARGET = 9.3;
				MTL_ENABLE_DEBUG_INFO = NO;
				SDKROOT = iphoneos;
				VALIDATE_PRODUCT = YES;
			};
			name = Release;
		};
		D6CAA10B1CB1962C00F80E37 /* Debug */ = {
			isa = XCBuildConfiguration;
			buildSettings = {
				ASSETCATALOG_COMPILER_APPICON_NAME = AppIcon;
				INFOPLIST_FILE = TableViewSearch/Info.plist;
				LD_RUNPATH_SEARCH_PATHS = "$(inherited) @executable_path/Frameworks";
				PRODUCT_BUNDLE_IDENTIFIER = com.thomaskioko.kioko.TableViewSearch;
				PRODUCT_NAME = "$(TARGET_NAME)";
			};
			name = Debug;
		};
		D6CAA10C1CB1962C00F80E37 /* Release */ = {
			isa = XCBuildConfiguration;
			buildSettings = {
				ASSETCATALOG_COMPILER_APPICON_NAME = AppIcon;
				INFOPLIST_FILE = TableViewSearch/Info.plist;
				LD_RUNPATH_SEARCH_PATHS = "$(inherited) @executable_path/Frameworks";
				PRODUCT_BUNDLE_IDENTIFIER = com.thomaskioko.kioko.TableViewSearch;
				PRODUCT_NAME = "$(TARGET_NAME)";
			};
			name = Release;
		};
/* End XCBuildConfiguration section */

/* Begin XCConfigurationList section */
		D6CAA0F31CB1962C00F80E37 /* Build configuration list for PBXProject "TableViewSearch" */ = {
			isa = XCConfigurationList;
			buildConfigurations = (
				D6CAA1081CB1962C00F80E37 /* Debug */,
				D6CAA1091CB1962C00F80E37 /* Release */,
			);
			defaultConfigurationIsVisible = 0;
			defaultConfigurationName = Release;
		};
		D6CAA10A1CB1962C00F80E37 /* Build configuration list for PBXNativeTarget "TableViewSearch" */ = {
			isa = XCConfigurationList;
			buildConfigurations = (
				D6CAA10B1CB1962C00F80E37 /* Debug */,
				D6CAA10C1CB1962C00F80E37 /* Release */,
			);
			defaultConfigurationIsVisible = 0;
		};
/* End XCConfigurationList section */
	};
	rootObject = D6CAA0F01CB1962C00F80E37 /* Project object */;
}
