// !$*UTF8*$!
{
	archiveVersion = 1;
	classes = {
	};
	objectVersion = 46;
	objects = {

/* Begin PBXBuildFile section */
		D66FE50E1CDA6559007A4598 /* AppDelegate.swift in Sources */ = {isa = PBXBuildFile; fileRef = D66FE50D1CDA6559007A4598 /* AppDelegate.swift */; };
		D66FE5101CDA6559007A4598 /* ViewController.swift in Sources */ = {isa = PBXBuildFile; fileRef = D66FE50F1CDA6559007A4598 /* ViewController.swift */; };
		D66FE5131CDA6559007A4598 /* Main.storyboard in Resources */ = {isa = PBXBuildFile; fileRef = D66FE5111CDA6559007A4598 /* Main.storyboard */; };
		D66FE5151CDA6559007A4598 /* Assets.xcassets in Resources */ = {isa = PBXBuildFile; fileRef = D66FE5141CDA6559007A4598 /* Assets.xcassets */; };
		D66FE5181CDA6559007A4598 /* LaunchScreen.storyboard in Resources */ = {isa = PBXBuildFile; fileRef = D66FE5161CDA6559007A4598 /* LaunchScreen.storyboard */; };
/* End PBXBuildFile section */

/* Begin PBXFileReference section */
		D66FE50A1CDA6558007A4598 /* CusstomAlertView.app */ = {isa = PBXFileReference; explicitFileType = wrapper.application; includeInIndex = 0; path = CusstomAlertView.app; sourceTree = BUILT_PRODUCTS_DIR; };
		D66FE50D1CDA6559007A4598 /* AppDelegate.swift */ = {isa = PBXFileReference; lastKnownFileType = sourcecode.swift; path = AppDelegate.swift; sourceTree = "<group>"; };
		D66FE50F1CDA6559007A4598 /* ViewController.swift */ = {isa = PBXFileReference; lastKnownFileType = sourcecode.swift; path = ViewController.swift; sourceTree = "<group>"; };
		D66FE5121CDA6559007A4598 /* Base */ = {isa = PBXFileReference; lastKnownFileType = file.storyboard; name = Base; path = Base.lproj/Main.storyboard; sourceTree = "<group>"; };
		D66FE5141CDA6559007A4598 /* Assets.xcassets */ = {isa = PBXFileReference; lastKnownFileType = folder.assetcatalog; path = Assets.xcassets; sourceTree = "<group>"; };
		D66FE5171CDA6559007A4598 /* Base */ = {isa = PBXFileReference; lastKnownFileType = file.storyboard; name = Base; path = Base.lproj/LaunchScreen.storyboard; sourceTree = "<group>"; };
		D66FE5191CDA6559007A4598 /* Info.plist */ = {isa = PBXFileReference; lastKnownFileType = text.plist.xml; path = Info.plist; sourceTree = "<group>"; };
/* End PBXFileReference section */

/* Begin PBXFrameworksBuildPhase section */
		D66FE5071CDA6558007A4598 /* Frameworks */ = {
			isa = PBXFrameworksBuildPhase;
			buildActionMask = 2147483647;
			files = (
			);
			runOnlyForDeploymentPostprocessing = 0;
		};
/* End PBXFrameworksBuildPhase section */

/* Begin PBXGroup section */
		D66FE5011CDA6558007A4598 = {
			isa = PBXGroup;
			children = (
				D66FE50C1CDA6559007A4598 /* CusstomAlertView */,
				D66FE50B1CDA6558007A4598 /* Products */,
			);
			sourceTree = "<group>";
		};
		D66FE50B1CDA6558007A4598 /* Products */ = {
			isa = PBXGroup;
			children = (
				D66FE50A1CDA6558007A4598 /* CusstomAlertView.app */,
			);
			name = Products;
			sourceTree = "<group>";
		};
		D66FE50C1CDA6559007A4598 /* CusstomAlertView */ = {
			isa = PBXGroup;
			children = (
				D66FE50D1CDA6559007A4598 /* AppDelegate.swift */,
				D66FE50F1CDA6559007A4598 /* ViewController.swift */,
				D66FE5111CDA6559007A4598 /* Main.storyboard */,
				D66FE5141CDA6559007A4598 /* Assets.xcassets */,
				D66FE5161CDA6559007A4598 /* LaunchScreen.storyboard */,
				D66FE5191CDA6559007A4598 /* Info.plist */,
			);
			path = CusstomAlertView;
			sourceTree = "<group>";
		};
/* End PBXGroup section */

/* Begin PBXNativeTarget section */
		D66FE5091CDA6558007A4598 /* CusstomAlertView */ = {
			isa = PBXNativeTarget;
			buildConfigurationList = D66FE51C1CDA6559007A4598 /* Build configuration list for PBXNativeTarget "CusstomAlertView" */;
			buildPhases = (
				D66FE5061CDA6558007A4598 /* Sources */,
				D66FE5071CDA6558007A4598 /* Frameworks */,
				D66FE5081CDA6558007A4598 /* Resources */,
			);
			buildRules = (
			);
			dependencies = (
			);
			name = CusstomAlertView;
			productName = CusstomAlertView;
			productReference = D66FE50A1CDA6558007A4598 /* CusstomAlertView.app */;
			productType = "com.apple.product-type.application";
		};
/* End PBXNativeTarget section */

/* Begin PBXProject section */
		D66FE5021CDA6558007A4598 /* Project object */ = {
			isa = PBXProject;
			attributes = {
				LastSwiftUpdateCheck = 0730;
				LastUpgradeCheck = 0730;
				ORGANIZATIONNAME = "Thomas Kioko";
				TargetAttributes = {
					D66FE5091CDA6558007A4598 = {
						CreatedOnToolsVersion = 7.3;
						DevelopmentTeam = 8486X6969P;
					};
				};
			};
			buildConfigurationList = D66FE5051CDA6558007A4598 /* Build configuration list for PBXProject "CusstomAlertView" */;
			compatibilityVersion = "Xcode 3.2";
			developmentRegion = English;
			hasScannedForEncodings = 0;
			knownRegions = (
				en,
				Base,
			);
			mainGroup = D66FE5011CDA6558007A4598;
			productRefGroup = D66FE50B1CDA6558007A4598 /* Products */;
			projectDirPath = "";
			projectRoot = "";
			targets = (
				D66FE5091CDA6558007A4598 /* CusstomAlertView */,
			);
		};
/* End PBXProject section */

/* Begin PBXResourcesBuildPhase section */
		D66FE5081CDA6558007A4598 /* Resources */ = {
			isa = PBXResourcesBuildPhase;
			buildActionMask = 2147483647;
			files = (
				D66FE5181CDA6559007A4598 /* LaunchScreen.storyboard in Resources */,
				D66FE5151CDA6559007A4598 /* Assets.xcassets in Resources */,
				D66FE5131CDA6559007A4598 /* Main.storyboard in Resources */,
			);
			runOnlyForDeploymentPostprocessing = 0;
		};
/* End PBXResourcesBuildPhase section */

/* Begin PBXSourcesBuildPhase section */
		D66FE5061CDA6558007A4598 /* Sources */ = {
			isa = PBXSourcesBuildPhase;
			buildActionMask = 2147483647;
			files = (
				D66FE5101CDA6559007A4598 /* ViewController.swift in Sources */,
				D66FE50E1CDA6559007A4598 /* AppDelegate.swift in Sources */,
			);
			runOnlyForDeploymentPostprocessing = 0;
		};
/* End PBXSourcesBuildPhase section */

/* Begin PBXVariantGroup section */
		D66FE5111CDA6559007A4598 /* Main.storyboard */ = {
			isa = PBXVariantGroup;
			children = (
				D66FE5121CDA6559007A4598 /* Base */,
			);
			name = Main.storyboard;
			sourceTree = "<group>";
		};
		D66FE5161CDA6559007A4598 /* LaunchScreen.storyboard */ = {
			isa = PBXVariantGroup;
			children = (
				D66FE5171CDA6559007A4598 /* Base */,
			);
			name = LaunchScreen.storyboard;
			sourceTree = "<group>";
		};
/* End PBXVariantGroup section */

/* Begin XCBuildConfiguration section */
		D66FE51A1CDA6559007A4598 /* Debug */ = {
			isa = XCBuildConfiguration;
			buildSettings = {
				ALWAYS_SEARCH_USER_PATHS = NO;
				CLANG_ANALYZER_NONNULL = YES;
				CLANG_CXX_LANGUAGE_STANDARD = "gnu++0x";
				CLANG_CXX_LIBRARY = "libc++";
				CLANG_ENABLE_MODULES = YES;
				CLANG_ENABLE_OBJC_ARC = YES;
				CLANG_WARN_BOOL_CONVERSION = YES;
				CLANG_WARN_CONSTANT_CONVERSION = YES;
				CLANG_WARN_DIRECT_OBJC_ISA_USAGE = YES_ERROR;
				CLANG_WARN_EMPTY_BODY = YES;
				CLANG_WARN_ENUM_CONVERSION = YES;
				CLANG_WARN_INT_CONVERSION = YES;
				CLANG_WARN_OBJC_ROOT_CLASS = YES_ERROR;
				CLANG_WARN_UNREACHABLE_CODE = YES;
				CLANG_WARN__DUPLICATE_METHOD_MATCH = YES;
				"CODE_SIGN_IDENTITY[sdk=iphoneos*]" = "iPhone Developer";
				COPY_PHASE_STRIP = NO;
				DEBUG_INFORMATION_FORMAT = dwarf;
				ENABLE_STRICT_OBJC_MSGSEND = YES;
				ENABLE_TESTABILITY = YES;
				GCC_C_LANGUAGE_STANDARD = gnu99;
				GCC_DYNAMIC_NO_PIC = NO;
				GCC_NO_COMMON_BLOCKS = YES;
				GCC_OPTIMIZATION_LEVEL = 0;
				GCC_PREPROCESSOR_DEFINITIONS = (
					"DEBUG=1",
					"$(inherited)",
				);
				GCC_WARN_64_TO_32_BIT_CONVERSION = YES;
				GCC_WARN_ABOUT_RETURN_TYPE = YES_ERROR;
				GCC_WARN_UNDECLARED_SELECTOR = YES;
				GCC_WARN_UNINITIALIZED_AUTOS = YES_AGGRESSIVE;
				GCC_WARN_UNUSED_FUNCTION = YES;
				GCC_WARN_UNUSED_VARIABLE = YES;
				IPHONEOS_DEPLOYMENT_TARGET = 9.3;
				MTL_ENABLE_DEBUG_INFO = YES;
				ONLY_ACTIVE_ARCH = YES;
				SDKROOT = iphoneos;
				SWIFT_OPTIMIZATION_LEVEL = "-Onone";
			};
			name = Debug;
		};
		D66FE51B1CDA6559007A4598 /* Release */ = {
			isa = XCBuildConfiguration;
			buildSettings = {
				ALWAYS_SEARCH_USER_PATHS = NO;
				CLANG_ANALYZER_NONNULL = YES;
				CLANG_CXX_LANGUAGE_STANDARD = "gnu++0x";
				CLANG_CXX_LIBRARY = "libc++";
				CLANG_ENABLE_MODULES = YES;
				CLANG_ENABLE_OBJC_ARC = YES;
				CLANG_WARN_BOOL_CONVERSION = YES;
				CLANG_WARN_CONSTANT_CONVERSION = YES;
				CLANG_WARN_DIRECT_OBJC_ISA_USAGE = YES_ERROR;
				CLANG_WARN_EMPTY_BODY = YES;
				CLANG_WARN_ENUM_CONVERSION = YES;
				CLANG_WARN_INT_CONVERSION = YES;
				CLANG_WARN_OBJC_ROOT_CLASS = YES_ERROR;
				CLANG_WARN_UNREACHABLE_CODE = YES;
				CLANG_WARN__DUPLICATE_METHOD_MATCH = YES;
				"CODE_SIGN_IDENTITY[sdk=iphoneos*]" = "iPhone Developer";
				COPY_PHASE_STRIP = NO;
				DEBUG_INFORMATION_FORMAT = "dwarf-with-dsym";
				ENABLE_NS_ASSERTIONS = NO;
				ENABLE_STRICT_OBJC_MSGSEND = YES;
				GCC_C_LANGUAGE_STANDARD = gnu99;
				GCC_NO_COMMON_BLOCKS = YES;
				GCC_WARN_64_TO_32_BIT_CONVERSION = YES;
				GCC_WARN_ABOUT_RETURN_TYPE = YES_ERROR;
				GCC_WARN_UNDECLARED_SELECTOR = YES;
				GCC_WARN_UNINITIALIZED_AUTOS = YES_AGGRESSIVE;
				GCC_WARN_UNUSED_FUNCTION = YES;
				GCC_WARN_UNUSED_VARIABLE = YES;
				IPHONEOS_DEPLOYMENT_TARGET = 9.3;
				MTL_ENABLE_DEBUG_INFO = NO;
				SDKROOT = iphoneos;
				VALIDATE_PRODUCT = YES;
			};
			name = Release;
		};
		D66FE51D1CDA6559007A4598 /* Debug */ = {
			isa = XCBuildConfiguration;
			buildSettings = {
				ASSETCATALOG_COMPILER_APPICON_NAME = AppIcon;
				CODE_SIGN_IDENTITY = "iPhone Developer";
				"CODE_SIGN_IDENTITY[sdk=iphoneos*]" = "iPhone Developer";
				INFOPLIST_FILE = CusstomAlertView/Info.plist;
				LD_RUNPATH_SEARCH_PATHS = "$(inherited) @executable_path/Frameworks";
				PRODUCT_BUNDLE_IDENTIFIER = com.thomaskioko.kioko.CusstomAlertView;
				PRODUCT_NAME = "$(TARGET_NAME)";
				PROVISIONING_PROFILE = "";
			};
			name = Debug;
		};
		D66FE51E1CDA6559007A4598 /* Release */ = {
			isa = XCBuildConfiguration;
			buildSettings = {
				ASSETCATALOG_COMPILER_APPICON_NAME = AppIcon;
				CODE_SIGN_IDENTITY = "iPhone Developer";
				"CODE_SIGN_IDENTITY[sdk=iphoneos*]" = "iPhone Developer";
				INFOPLIST_FILE = CusstomAlertView/Info.plist;
				LD_RUNPATH_SEARCH_PATHS = "$(inherited) @executable_path/Frameworks";
				PRODUCT_BUNDLE_IDENTIFIER = com.thomaskioko.kioko.CusstomAlertView;
				PRODUCT_NAME = "$(TARGET_NAME)";
				PROVISIONING_PROFILE = "";
			};
			name = Release;
		};
/* End XCBuildConfiguration section */

/* Begin XCConfigurationList section */
		D66FE5051CDA6558007A4598 /* Build configuration list for PBXProject "CusstomAlertView" */ = {
			isa = XCConfigurationList;
			buildConfigurations = (
				D66FE51A1CDA6559007A4598 /* Debug */,
				D66FE51B1CDA6559007A4598 /* Release */,
			);
			defaultConfigurationIsVisible = 0;
			defaultConfigurationName = Release;
		};
		D66FE51C1CDA6559007A4598 /* Build configuration list for PBXNativeTarget "CusstomAlertView" */ = {
			isa = XCConfigurationList;
			buildConfigurations = (
				D66FE51D1CDA6559007A4598 /* Debug */,
				D66FE51E1CDA6559007A4598 /* Release */,
			);
			defaultConfigurationIsVisible = 0;
		};
/* End XCConfigurationList section */
	};
	rootObject = D66FE5021CDA6558007A4598 /* Project object */;
}
