// !$*UTF8*$!
{
	archiveVersion = 1;
	classes = {
	};
	objectVersion = 46;
	objects = {

/* Begin PBXBuildFile section */
		D6B03CCA1CDBE7A5008ED021 /* AppDelegate.swift in Sources */ = {isa = PBXBuildFile; fileRef = D6B03CC91CDBE7A5008ED021 /* AppDelegate.swift */; };
		D6B03CCC1CDBE7A5008ED021 /* ViewController.swift in Sources */ = {isa = PBXBuildFile; fileRef = D6B03CCB1CDBE7A5008ED021 /* ViewController.swift */; };
		D6B03CCF1CDBE7A5008ED021 /* Main.storyboard in Resources */ = {isa = PBXBuildFile; fileRef = D6B03CCD1CDBE7A5008ED021 /* Main.storyboard */; };
		D6B03CD11CDBE7A5008ED021 /* Assets.xcassets in Resources */ = {isa = PBXBuildFile; fileRef = D6B03CD01CDBE7A5008ED021 /* Assets.xcassets */; };
		D6B03CD41CDBE7A5008ED021 /* LaunchScreen.storyboard in Resources */ = {isa = PBXBuildFile; fileRef = D6B03CD21CDBE7A5008ED021 /* LaunchScreen.storyboard */; };
/* End PBXBuildFile section */

/* Begin PBXFileReference section */
		D6B03CC61CDBE7A5008ED021 /* Admob.app */ = {isa = PBXFileReference; explicitFileType = wrapper.application; includeInIndex = 0; path = Admob.app; sourceTree = BUILT_PRODUCTS_DIR; };
		D6B03CC91CDBE7A5008ED021 /* AppDelegate.swift */ = {isa = PBXFileReference; lastKnownFileType = sourcecode.swift; path = AppDelegate.swift; sourceTree = "<group>"; };
		D6B03CCB1CDBE7A5008ED021 /* ViewController.swift */ = {isa = PBXFileReference; lastKnownFileType = sourcecode.swift; path = ViewController.swift; sourceTree = "<group>"; };
		D6B03CCE1CDBE7A5008ED021 /* Base */ = {isa = PBXFileReference; lastKnownFileType = file.storyboard; name = Base; path = Base.lproj/Main.storyboard; sourceTree = "<group>"; };
		D6B03CD01CDBE7A5008ED021 /* Assets.xcassets */ = {isa = PBXFileReference; lastKnownFileType = folder.assetcatalog; path = Assets.xcassets; sourceTree = "<group>"; };
		D6B03CD31CDBE7A5008ED021 /* Base */ = {isa = PBXFileReference; lastKnownFileType = file.storyboard; name = Base; path = Base.lproj/LaunchScreen.storyboard; sourceTree = "<group>"; };
		D6B03CD51CDBE7A5008ED021 /* Info.plist */ = {isa = PBXFileReference; lastKnownFileType = text.plist.xml; path = Info.plist; sourceTree = "<group>"; };
/* End PBXFileReference section */

/* Begin PBXFrameworksBuildPhase section */
		D6B03CC31CDBE7A5008ED021 /* Frameworks */ = {
			isa = PBXFrameworksBuildPhase;
			buildActionMask = 2147483647;
			files = (
			);
			runOnlyForDeploymentPostprocessing = 0;
		};
/* End PBXFrameworksBuildPhase section */

/* Begin PBXGroup section */
		D6B03CBD1CDBE7A5008ED021 = {
			isa = PBXGroup;
			children = (
				D6B03CC81CDBE7A5008ED021 /* Admob */,
				D6B03CC71CDBE7A5008ED021 /* Products */,
			);
			sourceTree = "<group>";
		};
		D6B03CC71CDBE7A5008ED021 /* Products */ = {
			isa = PBXGroup;
			children = (
				D6B03CC61CDBE7A5008ED021 /* Admob.app */,
			);
			name = Products;
			sourceTree = "<group>";
		};
		D6B03CC81CDBE7A5008ED021 /* Admob */ = {
			isa = PBXGroup;
			children = (
				D6B03CC91CDBE7A5008ED021 /* AppDelegate.swift */,
				D6B03CCB1CDBE7A5008ED021 /* ViewController.swift */,
				D6B03CCD1CDBE7A5008ED021 /* Main.storyboard */,
				D6B03CD01CDBE7A5008ED021 /* Assets.xcassets */,
				D6B03CD21CDBE7A5008ED021 /* LaunchScreen.storyboard */,
				D6B03CD51CDBE7A5008ED021 /* Info.plist */,
			);
			path = Admob;
			sourceTree = "<group>";
		};
/* End PBXGroup section */

/* Begin PBXNativeTarget section */
		D6B03CC51CDBE7A5008ED021 /* Admob */ = {
			isa = PBXNativeTarget;
			buildConfigurationList = D6B03CD81CDBE7A5008ED021 /* Build configuration list for PBXNativeTarget "Admob" */;
			buildPhases = (
				D6B03CC21CDBE7A5008ED021 /* Sources */,
				D6B03CC31CDBE7A5008ED021 /* Frameworks */,
				D6B03CC41CDBE7A5008ED021 /* Resources */,
			);
			buildRules = (
			);
			dependencies = (
			);
			name = Admob;
			productName = Admob;
			productReference = D6B03CC61CDBE7A5008ED021 /* Admob.app */;
			productType = "com.apple.product-type.application";
		};
/* End PBXNativeTarget section */

/* Begin PBXProject section */
		D6B03CBE1CDBE7A5008ED021 /* Project object */ = {
			isa = PBXProject;
			attributes = {
				LastSwiftUpdateCheck = 0730;
				LastUpgradeCheck = 0730;
				ORGANIZATIONNAME = "Thomas Kioko";
				TargetAttributes = {
					D6B03CC51CDBE7A5008ED021 = {
						CreatedOnToolsVersion = 7.3;
					};
				};
			};
			buildConfigurationList = D6B03CC11CDBE7A5008ED021 /* Build configuration list for PBXProject "Admob" */;
			compatibilityVersion = "Xcode 3.2";
			developmentRegion = English;
			hasScannedForEncodings = 0;
			knownRegions = (
				en,
				Base,
			);
			mainGroup = D6B03CBD1CDBE7A5008ED021;
			productRefGroup = D6B03CC71CDBE7A5008ED021 /* Products */;
			projectDirPath = "";
			projectRoot = "";
			targets = (
				D6B03CC51CDBE7A5008ED021 /* Admob */,
			);
		};
/* End PBXProject section */

/* Begin PBXResourcesBuildPhase section */
		D6B03CC41CDBE7A5008ED021 /* Resources */ = {
			isa = PBXResourcesBuildPhase;
			buildActionMask = 2147483647;
			files = (
				D6B03CD41CDBE7A5008ED021 /* LaunchScreen.storyboard in Resources */,
				D6B03CD11CDBE7A5008ED021 /* Assets.xcassets in Resources */,
				D6B03CCF1CDBE7A5008ED021 /* Main.storyboard in Resources */,
			);
			runOnlyForDeploymentPostprocessing = 0;
		};
/* End PBXResourcesBuildPhase section */

/* Begin PBXSourcesBuildPhase section */
		D6B03CC21CDBE7A5008ED021 /* Sources */ = {
			isa = PBXSourcesBuildPhase;
			buildActionMask = 2147483647;
			files = (
				D6B03CCC1CDBE7A5008ED021 /* ViewController.swift in Sources */,
				D6B03CCA1CDBE7A5008ED021 /* AppDelegate.swift in Sources */,
			);
			runOnlyForDeploymentPostprocessing = 0;
		};
/* End PBXSourcesBuildPhase section */

/* Begin PBXVariantGroup section */
		D6B03CCD1CDBE7A5008ED021 /* Main.storyboard */ = {
			isa = PBXVariantGroup;
			children = (
				D6B03CCE1CDBE7A5008ED021 /* Base */,
			);
			name = Main.storyboard;
			sourceTree = "<group>";
		};
		D6B03CD21CDBE7A5008ED021 /* LaunchScreen.storyboard */ = {
			isa = PBXVariantGroup;
			children = (
				D6B03CD31CDBE7A5008ED021 /* Base */,
			);
			name = LaunchScreen.storyboard;
			sourceTree = "<group>";
		};
/* End PBXVariantGroup section */

/* Begin XCBuildConfiguration section */
		D6B03CD61CDBE7A5008ED021 /* Debug */ = {
			isa = XCBuildConfiguration;
			buildSettings = {
				ALWAYS_SEARCH_USER_PATHS = NO;
				CLANG_ANALYZER_NONNULL = YES;
				CLANG_CXX_LANGUAGE_STANDARD = "gnu++0x";
				CLANG_CXX_LIBRARY = "libc++";
				CLANG_ENABLE_MODULES = YES;
				CLANG_ENABLE_OBJC_ARC = YES;
				CLANG_WARN_BOOL_CONVERSION = YES;
				CLANG_WARN_CONSTANT_CONVERSION = YES;
				CLANG_WARN_DIRECT_OBJC_ISA_USAGE = YES_ERROR;
				CLANG_WARN_EMPTY_BODY = YES;
				CLANG_WARN_ENUM_CONVERSION = YES;
				CLANG_WARN_INT_CONVERSION = YES;
				CLANG_WARN_OBJC_ROOT_CLASS = YES_ERROR;
				CLANG_WARN_UNREACHABLE_CODE = YES;
				CLANG_WARN__DUPLICATE_METHOD_MATCH = YES;
				"CODE_SIGN_IDENTITY[sdk=iphoneos*]" = "iPhone Developer";
				COPY_PHASE_STRIP = NO;
				DEBUG_INFORMATION_FORMAT = dwarf;
				ENABLE_STRICT_OBJC_MSGSEND = YES;
				ENABLE_TESTABILITY = YES;
				GCC_C_LANGUAGE_STANDARD = gnu99;
				GCC_DYNAMIC_NO_PIC = NO;
				GCC_NO_COMMON_BLOCKS = YES;
				GCC_OPTIMIZATION_LEVEL = 0;
				GCC_PREPROCESSOR_DEFINITIONS = (
					"DEBUG=1",
					"$(inherited)",
				);
				GCC_WARN_64_TO_32_BIT_CONVERSION = YES;
				GCC_WARN_ABOUT_RETURN_TYPE = YES_ERROR;
				GCC_WARN_UNDECLARED_SELECTOR = YES;
				GCC_WARN_UNINITIALIZED_AUTOS = YES_AGGRESSIVE;
				GCC_WARN_UNUSED_FUNCTION = YES;
				GCC_WARN_UNUSED_VARIABLE = YES;
				IPHONEOS_DEPLOYMENT_TARGET = 9.3;
				MTL_ENABLE_DEBUG_INFO = YES;
				ONLY_ACTIVE_ARCH = YES;
				SDKROOT = iphoneos;
				SWIFT_OPTIMIZATION_LEVEL = "-Onone";
			};
			name = Debug;
		};
		D6B03CD71CDBE7A5008ED021 /* Release */ = {
			isa = XCBuildConfiguration;
			buildSettings = {
				ALWAYS_SEARCH_USER_PATHS = NO;
				CLANG_ANALYZER_NONNULL = YES;
				CLANG_CXX_LANGUAGE_STANDARD = "gnu++0x";
				CLANG_CXX_LIBRARY = "libc++";
				CLANG_ENABLE_MODULES = YES;
				CLANG_ENABLE_OBJC_ARC = YES;
				CLANG_WARN_BOOL_CONVERSION = YES;
				CLANG_WARN_CONSTANT_CONVERSION = YES;
				CLANG_WARN_DIRECT_OBJC_ISA_USAGE = YES_ERROR;
				CLANG_WARN_EMPTY_BODY = YES;
				CLANG_WARN_ENUM_CONVERSION = YES;
				CLANG_WARN_INT_CONVERSION = YES;
				CLANG_WARN_OBJC_ROOT_CLASS = YES_ERROR;
				CLANG_WARN_UNREACHABLE_CODE = YES;
				CLANG_WARN__DUPLICATE_METHOD_MATCH = YES;
				"CODE_SIGN_IDENTITY[sdk=iphoneos*]" = "iPhone Developer";
				COPY_PHASE_STRIP = NO;
				DEBUG_INFORMATION_FORMAT = "dwarf-with-dsym";
				ENABLE_NS_ASSERTIONS = NO;
				ENABLE_STRICT_OBJC_MSGSEND = YES;
				GCC_C_LANGUAGE_STANDARD = gnu99;
				GCC_NO_COMMON_BLOCKS = YES;
				GCC_WARN_64_TO_32_BIT_CONVERSION = YES;
				GCC_WARN_ABOUT_RETURN_TYPE = YES_ERROR;
				GCC_WARN_UNDECLARED_SELECTOR = YES;
				GCC_WARN_UNINITIALIZED_AUTOS = YES_AGGRESSIVE;
				GCC_WARN_UNUSED_FUNCTION = YES;
				GCC_WARN_UNUSED_VARIABLE = YES;
				IPHONEOS_DEPLOYMENT_TARGET = 9.3;
				MTL_ENABLE_DEBUG_INFO = NO;
				SDKROOT = iphoneos;
				VALIDATE_PRODUCT = YES;
			};
			name = Release;
		};
		D6B03CD91CDBE7A5008ED021 /* Debug */ = {
			isa = XCBuildConfiguration;
			buildSettings = {
				ASSETCATALOG_COMPILER_APPICON_NAME = AppIcon;
				INFOPLIST_FILE = Admob/Info.plist;
				LD_RUNPATH_SEARCH_PATHS = "$(inherited) @executable_path/Frameworks";
				PRODUCT_BUNDLE_IDENTIFIER = com.thomaskioko.kioko.Admob;
				PRODUCT_NAME = "$(TARGET_NAME)";
			};
			name = Debug;
		};
		D6B03CDA1CDBE7A5008ED021 /* Release */ = {
			isa = XCBuildConfiguration;
			buildSettings = {
				ASSETCATALOG_COMPILER_APPICON_NAME = AppIcon;
				INFOPLIST_FILE = Admob/Info.plist;
				LD_RUNPATH_SEARCH_PATHS = "$(inherited) @executable_path/Frameworks";
				PRODUCT_BUNDLE_IDENTIFIER = com.thomaskioko.kioko.Admob;
				PRODUCT_NAME = "$(TARGET_NAME)";
			};
			name = Release;
		};
/* End XCBuildConfiguration section */

/* Begin XCConfigurationList section */
		D6B03CC11CDBE7A5008ED021 /* Build configuration list for PBXProject "Admob" */ = {
			isa = XCConfigurationList;
			buildConfigurations = (
				D6B03CD61CDBE7A5008ED021 /* Debug */,
				D6B03CD71CDBE7A5008ED021 /* Release */,
			);
			defaultConfigurationIsVisible = 0;
			defaultConfigurationName = Release;
		};
		D6B03CD81CDBE7A5008ED021 /* Build configuration list for PBXNativeTarget "Admob" */ = {
			isa = XCConfigurationList;
			buildConfigurations = (
				D6B03CD91CDBE7A5008ED021 /* Debug */,
				D6B03CDA1CDBE7A5008ED021 /* Release */,
			);
			defaultConfigurationIsVisible = 0;
		};
/* End XCConfigurationList section */
	};
	rootObject = D6B03CBE1CDBE7A5008ED021 /* Project object */;
}
